
Microsoft Visual Studio Solution File, Format Version 12.00
# Visual Studio Version 16
VisualStudioVersion = 16.0.31911.196
MinimumVisualStudioVersion = 10.0.40219.1
Project("{FAE04EC0-301F-11D3-BF4B-00C04F79EFBC}") = "LojaRoupa", "LojaRoupa\LojaRoupa.csproj", "{74591BD3-9F43-40B7-8FBE-1E6330D5C642}"
EndProject
Global
	GlobalSection(SolutionConfigurationPlatforms) = preSolution
		Debug|Any CPU = Debug|Any CPU
		Release|Any CPU = Release|Any CPU
	EndGlobalSection
	GlobalSection(ProjectConfigurationPlatforms) = postSolution
		{74591BD3-9F43-40B7-8FBE-1E6330D5C642}.Debug|Any CPU.ActiveCfg = Debug|Any CPU
		{74591BD3-9F43-40B7-8FBE-1E6330D5C642}.Debug|Any CPU.Build.0 = Debug|Any CPU
		{74591BD3-9F43-40B7-8FBE-1E6330D5C642}.Release|Any CPU.ActiveCfg = Release|Any CPU
		{74591BD3-9F43-40B7-8FBE-1E6330D5C642}.Release|Any CPU.Build.0 = Release|Any CPU
	EndGlobalSection
	GlobalSection(SolutionProperties) = preSolution
		HideSolutionNode = FALSE
	EndGlobalSection
	GlobalSection(ExtensibilityGlobals) = postSolution
		SolutionGuid = {F1ED42BA-AAD9-4519-96BC-738C9A713451}
	EndGlobalSection
EndGlobal
